<?xml version="1.0" encoding="utf-8"?>
<Project ToolsVersion="4.0" xmlns="http://schemas.microsoft.com/developer/msbuild/2003">
  <ItemGroup>
    <Filter Include="Source Files">
      <UniqueIdentifier>{4FC737F1-C7A5-4376-A066-2A32D752A2FF}</UniqueIdentifier>
      <Extensions>cpp;c;cc;cxx;c++;def;odl;idl;hpj;bat;asm;asmx</Extensions>
    </Filter>
    <Filter Include="Header Files">
      <UniqueIdentifier>{93995380-89BD-4b04-88EB-625FBE52EBFB}</UniqueIdentifier>
      <Extensions>h;hh;hpp;hxx;h++;hm;inl;inc;ipp;xsd</Extensions>
    </Filter>
    <Filter Include="Resource Files">
      <UniqueIdentifier>{67DA6AB6-F800-4c08-8B7A-83BB121AAD01}</UniqueIdentifier>
      <Extensions>rc;ico;cur;bmp;dlg;rc2;rct;bin;rgs;gif;jpg;jpeg;jpe;resx;tiff;tif;png;wav;mfcribbon-ms</Extensions>
    </Filter>
    <Filter Include="Header Files\names">
      <UniqueIdentifier>{57eb9ced-f8c2-46e3-a9bd-cb7b37d9c9b5}</UniqueIdentifier>
    </Filter>
    <Filter Include="Header Files\people">
      <UniqueIdentifier>{0f2dc895-04c3-4771-b8c7-737bea6ad0b2}</UniqueIdentifier>
    </Filter>
    <Filter Include="Source Files\people">
      <UniqueIdentifier>{ae5ccd83-a6f3-49e4-b172-e66f638f26ee}</UniqueIdentifier>
    </Filter>
    <Filter Include="Source Files\geography">
      <UniqueIdentifier>{de66d020-5d54-4f7a-9c68-481afe23c5be}</UniqueIdentifier>
    </Filter>
    <Filter Include="Header Files\geography">
      <UniqueIdentifier>{1f6dc9ad-deff-43da-a450-b265afe8a7ac}</UniqueIdentifier>
    </Filter>
    <Filter Include="Header Files\util">
      <UniqueIdentifier>{5bb4c097-989a-44ca-a3b8-f72a03226fc5}</UniqueIdentifier>
    </Filter>
    <Filter Include="Source Files\util">
      <UniqueIdentifier>{133d2c4f-aeaf-4201-b84b-857a25d7052a}</UniqueIdentifier>
    </Filter>
    <Filter Include="Header Files\geography\demographics">
      <UniqueIdentifier>{41a1fbad-36c3-4d16-9c0a-c3567e7accfa}</UniqueIdentifier>
    </Filter>
    <Filter Include="Source Files\geography\demographics">
      <UniqueIdentifier>{980d30a2-96ec-4532-8a88-e0b97457f1b0}</UniqueIdentifier>
    </Filter>
    <Filter Include="Header Files\legislature">
      <UniqueIdentifier>{c296d98f-b9fb-4909-86b9-826308781ba5}</UniqueIdentifier>
    </Filter>
    <Filter Include="Header Files\elections">
      <UniqueIdentifier>{9cb7412b-6fe0-4565-a0cc-79fc31d3dbe6}</UniqueIdentifier>
    </Filter>
    <Filter Include="Source Files\legislature">
      <UniqueIdentifier>{62679f0a-0988-45e0-9860-3286794788e6}</UniqueIdentifier>
    </Filter>
    <Filter Include="Source Files\election">
      <UniqueIdentifier>{cc0f7bd2-2075-464c-ae1a-e000b1030056}</UniqueIdentifier>
    </Filter>
  </ItemGroup>
  <ItemGroup>
    <ClCompile Include="Main.cpp">
      <Filter>Source Files</Filter>
    </ClCompile>
    <ClCompile Include="World.cpp">
      <Filter>Source Files</Filter>
    </ClCompile>
    <ClCompile Include="Country.cpp">
      <Filter>Source Files</Filter>
    </ClCompile>
    <ClCompile Include="WorldEconomy.cpp">
      <Filter>Source Files</Filter>
    </ClCompile>
    <ClCompile Include="CountryEconomy.cpp">
      <Filter>Source Files</Filter>
    </ClCompile>
    <ClCompile Include="Government.cpp">
      <Filter>Source Files</Filter>
    </ClCompile>
    <ClCompile Include="Organization.cpp">
      <Filter>Source Files</Filter>
    </ClCompile>
    <ClCompile Include="GovernmentMinistry.cpp">
      <Filter>Source Files</Filter>
    </ClCompile>
    <ClCompile Include="Person.cpp">
      <Filter>Source Files\people</Filter>
    </ClCompile>
    <ClCompile Include="RoyalFamily.cpp">
      <Filter>Source Files\people</Filter>
    </ClCompile>
    <ClCompile Include="City.cpp">
      <Filter>Source Files\geography</Filter>
    </ClCompile>
    <ClCompile Include="Region.cpp">
      <Filter>Source Files\geography</Filter>
    </ClCompile>
    <ClCompile Include="State.cpp">
      <Filter>Source Files\geography</Filter>
    </ClCompile>
    <ClCompile Include="StringUtilities.cpp">
      <Filter>Source Files\util</Filter>
    </ClCompile>
    <ClCompile Include="Random.cpp">
      <Filter>Source Files\util</Filter>
    </ClCompile>
    <ClCompile Include="PoliticalParty.cpp">
      <Filter>Source Files</Filter>
    </ClCompile>
    <ClCompile Include="Ideology.cpp">
      <Filter>Source Files</Filter>
    </ClCompile>
    <ClCompile Include="Politician.cpp">
      <Filter>Source Files\people</Filter>
    </ClCompile>
    <ClCompile Include="CountryProfile.cpp">
      <Filter>Source Files</Filter>
    </ClCompile>
    <ClCompile Include="SocialClass.cpp">
      <Filter>Source Files\geography\demographics</Filter>
    </ClCompile>
    <ClCompile Include="History.cpp">
      <Filter>Source Files</Filter>
    </ClCompile>
    <ClCompile Include="Newspaper.cpp">
      <Filter>Source Files</Filter>
    </ClCompile>
    <ClCompile Include="Legislature.cpp">
      <Filter>Source Files\legislature</Filter>
    </ClCompile>
    <ClCompile Include="LegislativeChamber.cpp">
      <Filter>Source Files\legislature</Filter>
    </ClCompile>
    <ClCompile Include="LegislativeCommittee.cpp">
      <Filter>Source Files\legislature</Filter>
    </ClCompile>
    <ClCompile Include="LegislativeSeat.cpp">
      <Filter>Source Files\legislature</Filter>
    </ClCompile>
    <ClCompile Include="Ballot.cpp">
      <Filter>Source Files\election</Filter>
    </ClCompile>
    <ClCompile Include="Election.cpp">
      <Filter>Source Files\election</Filter>
    </ClCompile>
    <ClCompile Include="ElectoralDistrict.cpp">
      <Filter>Source Files\election</Filter>
    </ClCompile>
    <ClCompile Include="Royal.cpp">
      <Filter>Source Files\people</Filter>
    </ClCompile>
    <ClCompile Include="ElectoralMap.cpp">
      <Filter>Source Files\election</Filter>
    </ClCompile>
    <ClCompile Include="PresidentialElection.cpp">
      <Filter>Source Files\election</Filter>
    </ClCompile>
    <ClCompile Include="LegislativeElection.cpp">
      <Filter>Source Files\election</Filter>
    </ClCompile>
    <ClCompile Include="Bill.cpp">
      <Filter>Source Files</Filter>
    </ClCompile>
    <ClCompile Include="Law.cpp">
      <Filter>Source Files</Filter>
    </ClCompile>
    <ClCompile Include="Company.cpp">
      <Filter>Source Files</Filter>
    </ClCompile>
  </ItemGroup>
  <ItemGroup>
    <ClInclude Include="World.h">
      <Filter>Header Files</Filter>
    </ClInclude>
    <ClInclude Include="TimeDate.h">
      <Filter>Header Files</Filter>
    </ClInclude>
    <ClInclude Include="Country.h">
      <Filter>Header Files</Filter>
    </ClInclude>
    <ClInclude Include="name_countries.h">
      <Filter>Header Files\names</Filter>
    </ClInclude>
    <ClInclude Include="WorldEconomy.h">
      <Filter>Header Files</Filter>
    </ClInclude>
    <ClInclude Include="CountryEconomy.h">
      <Filter>Header Files</Filter>
    </ClInclude>
    <ClInclude Include="names_people.h">
      <Filter>Header Files\names</Filter>
    </ClInclude>
    <ClInclude Include="Government.h">
      <Filter>Header Files</Filter>
    </ClInclude>
    <ClInclude Include="Organization.h">
      <Filter>Header Files</Filter>
    </ClInclude>
    <ClInclude Include="GovernmentMinistry.h">
      <Filter>Header Files</Filter>
    </ClInclude>
    <ClInclude Include="Person.h">
      <Filter>Header Files\people</Filter>
    </ClInclude>
    <ClInclude Include="RoyalFamily.h">
      <Filter>Header Files\people</Filter>
    </ClInclude>
    <ClInclude Include="City.h">
      <Filter>Header Files\geography</Filter>
    </ClInclude>
    <ClInclude Include="Region.h">
      <Filter>Header Files\geography</Filter>
    </ClInclude>
    <ClInclude Include="State.h">
      <Filter>Header Files\geography</Filter>
    </ClInclude>
    <ClInclude Include="Random.h">
      <Filter>Header Files\util</Filter>
    </ClInclude>
    <ClInclude Include="StringUtilities.h">
      <Filter>Header Files\util</Filter>
    </ClInclude>
    <ClInclude Include="PoliticalParty.h">
      <Filter>Header Files</Filter>
    </ClInclude>
    <ClInclude Include="names_party.h">
      <Filter>Header Files\names</Filter>
    </ClInclude>
    <ClInclude Include="Ideology.h">
      <Filter>Header Files</Filter>
    </ClInclude>
    <ClInclude Include="Politician.h">
      <Filter>Header Files\people</Filter>
    </ClInclude>
    <ClInclude Include="CountryProfile.h">
      <Filter>Header Files</Filter>
    </ClInclude>
    <ClInclude Include="SocialClass.h">
      <Filter>Header Files\geography\demographics</Filter>
    </ClInclude>
    <ClInclude Include="FixedChart.h">
      <Filter>Header Files\util</Filter>
    </ClInclude>
    <ClInclude Include="History.h">
      <Filter>Header Files</Filter>
    </ClInclude>
    <ClInclude Include="Newspaper.h">
      <Filter>Header Files</Filter>
    </ClInclude>
    <ClInclude Include="name_chambers.h">
      <Filter>Header Files\names</Filter>
    </ClInclude>
    <ClInclude Include="name_legislatures.h">
      <Filter>Header Files\names</Filter>
    </ClInclude>
    <ClInclude Include="PolicyArea.h">
      <Filter>Header Files</Filter>
    </ClInclude>
    <ClInclude Include="Royal.h">
      <Filter>Header Files\people</Filter>
    </ClInclude>
    <ClInclude Include="Legislature.h">
      <Filter>Header Files\legislature</Filter>
    </ClInclude>
    <ClInclude Include="LegislativeChamber.h">
      <Filter>Header Files\legislature</Filter>
    </ClInclude>
    <ClInclude Include="LegislativeCoalition.h">
      <Filter>Header Files\legislature</Filter>
    </ClInclude>
    <ClInclude Include="LegislativeCommittee.h">
      <Filter>Header Files\legislature</Filter>
    </ClInclude>
    <ClInclude Include="LegislativeSeat.h">
      <Filter>Header Files\legislature</Filter>
    </ClInclude>
    <ClInclude Include="Election.h">
      <Filter>Header Files\elections</Filter>
    </ClInclude>
    <ClInclude Include="ElectoralDistrict.h">
      <Filter>Header Files\elections</Filter>
    </ClInclude>
    <ClInclude Include="Ballot.h">
      <Filter>Header Files\elections</Filter>
    </ClInclude>
    <ClInclude Include="ElectoralMap.h">
      <Filter>Header Files\elections</Filter>
    </ClInclude>
    <ClInclude Include="CountryAdministrationLevel.h">
      <Filter>Header Files</Filter>
    </ClInclude>
    <ClInclude Include="PresidentialElection.h">
      <Filter>Header Files\elections</Filter>
    </ClInclude>
    <ClInclude Include="LegislativeElection.h">
      <Filter>Header Files\elections</Filter>
    </ClInclude>
    <ClInclude Include="Bill.h">
      <Filter>Header Files</Filter>
    </ClInclude>
    <ClInclude Include="Law.h">
      <Filter>Header Files</Filter>
    </ClInclude>
    <ClInclude Include="Company.h">
      <Filter>Header Files</Filter>
    </ClInclude>
    <ClInclude Include="name_cities.h">
      <Filter>Header Files\names</Filter>
    </ClInclude>
    <ClInclude Include="stdlib.h">
      <Filter>Header Files</Filter>
    </ClInclude>
  </ItemGroup>
</Project>